
Microsoft Visual Studio Solution File, Format Version 12.00
# Visual Studio Version 16
VisualStudioVersion = 16.0.31605.320
MinimumVisualStudioVersion = 10.0.40219.1
Project("{9A19103F-16F7-4668-BE54-9A1E7A4F7556}") = "AeroCL", "AeroCL.csproj", "{BAFBD521-DB6F-4BD9-BAD2-105BA37A553C}"
EndProject
Global
	GlobalSection(SolutionConfigurationPlatforms) = preSolution
		Debug|Any CPU = Debug|Any CPU
		Release|Any CPU = Release|Any CPU
	EndGlobalSection
	GlobalSection(ProjectConfigurationPlatforms) = postSolution
		{BAFBD521-DB6F-4BD9-BAD2-105BA37A553C}.Debug|Any CPU.ActiveCfg = Debug|Any CPU
		{BAFBD521-DB6F-4BD9-BAD2-105BA37A553C}.Debug|Any CPU.Build.0 = Debug|Any CPU
		{BAFBD521-DB6F-4BD9-BAD2-105BA37A553C}.Release|Any CPU.ActiveCfg = Release|Any CPU
		{BAFBD521-DB6F-4BD9-BAD2-105BA37A553C}.Release|Any CPU.Build.0 = Release|Any CPU
	EndGlobalSection
	GlobalSection(SolutionProperties) = preSolution
		HideSolutionNode = FALSE
	EndGlobalSection
	GlobalSection(ExtensibilityGlobals) = postSolution
		SolutionGuid = {BE253E66-762E-464D-BE9F-F12A3E0E56DA}
	EndGlobalSection
EndGlobal
